lockfileVersion: '9.0'

settings:
  autoInstallPeers: true
  excludeLinksFromLockfile: false

importers:

  .:
    dependencies:
      chalk:
        specifier: ^5.3.0
        version: 5.6.2
      js-yaml:
        specifier: ^5.1.0
        version: 5.1.0
      sql.js:
        specifier: ^1.14.1
        version: 1.14.1

packages:

  argparse@2.0.1:
    resolution: {integrity: sha512-8+9WqebbFzpX9OR+Wa6O29asIogeRMzcGtAINdpMHHyAg10f05aSFVBbcEqGf/PXw1EjAZ+q2/bEBg3DvurK3Q==}

  chalk@5.6.2:
    resolution: {integrity: sha512-7NzBL0rN6fMUW+f7A6Io4h40qQlG+xGmtMxfbnH/K7TAtt8JQWVQK+6g0UXKMeVJoyV5EkkNsErQ8pVD3bLHbA==}
    engines: {node: ^12.17.0 || ^14.13 || >=16.0.0}

  js-yaml@5.1.0:
    resolution: {integrity: sha512-s8VA5jkR8f22S3NAXmhKPFqGUduqZGlsufabVOgN14iTdw/RXcym7bKkbwjxLK9Yw2lEvvmJjFp119+KPeo8Kg==}
    hasBin: true

  sql.js@1.14.1:
    resolution: {integrity: sha512-gcj8zBWU5cFsi9WUP+4bFNXAyF1iRpA3LLyS/DP5xlrNzGmPIizUeBggKa8DbDwdqaKwUcTEnChtd2grWo/x/A==}

snapshots:

  argparse@2.0.1: {}

  chalk@5.6.2: {}

  js-yaml@5.1.0:
    dependencies:
      argparse: 2.0.1

  sql.js@1.14.1: {}
